
Microsoft Visual Studio Solution File, Format Version 12.00
# Visual Studio Version 17
VisualStudioVersion = 17.0.31903.59
MinimumVisualStudioVersion = 10.0.40219.1
Project("{FAE04EC0-301F-11D3-BF4B-00C04F79EFBC}") = "Aoc01", "Aoc01\Aoc01.csproj", "{BE778FFE-C170-4444-92B6-3CA2C21415F2}"
EndProject
Project("{FAE04EC0-301F-11D3-BF4B-00C04F79EFBC}") = "Aoc02", "Aoc02\Aoc02.csproj", "{B420F285-65E1-4CC2-8B24-DCAF407EB46B}"
EndProject
Project("{FAE04EC0-301F-11D3-BF4B-00C04F79EFBC}") = "Aoc03", "Aoc03\Aoc03.csproj", "{F9DD9172-C5AC-49F1-801D-B5B8FC936180}"
EndProject
Project("{FAE04EC0-301F-11D3-BF4B-00C04F79EFBC}") = "Aoc04", "Aoc04\Aoc04.csproj", "{5F7D5CD4-30C4-4420-B7E0-A9EC3D9810D0}"
EndProject
Project("{FAE04EC0-301F-11D3-BF4B-00C04F79EFBC}") = "Aoc05", "Aoc05\Aoc05.csproj", "{F49FD793-3B31-4E0D-8AF9-163825AB8871}"
EndProject
Project("{FAE04EC0-301F-11D3-BF4B-00C04F79EFBC}") = "Aoc06", "Aoc06\Aoc06.csproj", "{AE4D3600-291C-4E29-974F-5E2D8A4EC2CD}"
EndProject
Project("{FAE04EC0-301F-11D3-BF4B-00C04F79EFBC}") = "Aoc07", "Aoc07\Aoc07.csproj", "{9CACCAFE-86A3-47B3-BD3E-BC2B1583C0AA}"
EndProject
Project("{FAE04EC0-301F-11D3-BF4B-00C04F79EFBC}") = "Aoc08", "Aoc08\Aoc08.csproj", "{59E622F6-E44F-4CB2-B1C4-3BA02A525C1B}"
EndProject
Project("{FAE04EC0-301F-11D3-BF4B-00C04F79EFBC}") = "Aoc09", "Aoc09\Aoc09.csproj", "{3CACBCB5-84E0-47DF-9338-A51EF28B6FC0}"
EndProject
Project("{FAE04EC0-301F-11D3-BF4B-00C04F79EFBC}") = "Aoc10", "Aoc10\Aoc10.csproj", "{87DAFA17-5C32-4860-AAC3-06ACE9FF2FB3}"
EndProject
Project("{FAE04EC0-301F-11D3-BF4B-00C04F79EFBC}") = "Aoc11", "Aoc11\Aoc11.csproj", "{36763B30-8EFD-4F43-A5B2-ED301BC413E0}"
EndProject
Global
	GlobalSection(SolutionConfigurationPlatforms) = preSolution
		Debug|Any CPU = Debug|Any CPU
		Release|Any CPU = Release|Any CPU
	EndGlobalSection
	GlobalSection(SolutionProperties) = preSolution
		HideSolutionNode = FALSE
	EndGlobalSection
	GlobalSection(ProjectConfigurationPlatforms) = postSolution
		{BE778FFE-C170-4444-92B6-3CA2C21415F2}.Debug|Any CPU.ActiveCfg = Debug|Any CPU
		{BE778FFE-C170-4444-92B6-3CA2C21415F2}.Debug|Any CPU.Build.0 = Debug|Any CPU
		{BE778FFE-C170-4444-92B6-3CA2C21415F2}.Release|Any CPU.ActiveCfg = Release|Any CPU
		{BE778FFE-C170-4444-92B6-3CA2C21415F2}.Release|Any CPU.Build.0 = Release|Any CPU
		{B420F285-65E1-4CC2-8B24-DCAF407EB46B}.Debug|Any CPU.ActiveCfg = Debug|Any CPU
		{B420F285-65E1-4CC2-8B24-DCAF407EB46B}.Debug|Any CPU.Build.0 = Debug|Any CPU
		{B420F285-65E1-4CC2-8B24-DCAF407EB46B}.Release|Any CPU.ActiveCfg = Release|Any CPU
		{B420F285-65E1-4CC2-8B24-DCAF407EB46B}.Release|Any CPU.Build.0 = Release|Any CPU
		{F9DD9172-C5AC-49F1-801D-B5B8FC936180}.Debug|Any CPU.ActiveCfg = Debug|Any CPU
		{F9DD9172-C5AC-49F1-801D-B5B8FC936180}.Debug|Any CPU.Build.0 = Debug|Any CPU
		{F9DD9172-C5AC-49F1-801D-B5B8FC936180}.Release|Any CPU.ActiveCfg = Release|Any CPU
		{F9DD9172-C5AC-49F1-801D-B5B8FC936180}.Release|Any CPU.Build.0 = Release|Any CPU
		{5F7D5CD4-30C4-4420-B7E0-A9EC3D9810D0}.Debug|Any CPU.ActiveCfg = Debug|Any CPU
		{5F7D5CD4-30C4-4420-B7E0-A9EC3D9810D0}.Debug|Any CPU.Build.0 = Debug|Any CPU
		{5F7D5CD4-30C4-4420-B7E0-A9EC3D9810D0}.Release|Any CPU.ActiveCfg = Release|Any CPU
		{5F7D5CD4-30C4-4420-B7E0-A9EC3D9810D0}.Release|Any CPU.Build.0 = Release|Any CPU
		{F49FD793-3B31-4E0D-8AF9-163825AB8871}.Debug|Any CPU.ActiveCfg = Debug|Any CPU
		{F49FD793-3B31-4E0D-8AF9-163825AB8871}.Debug|Any CPU.Build.0 = Debug|Any CPU
		{F49FD793-3B31-4E0D-8AF9-163825AB8871}.Release|Any CPU.ActiveCfg = Release|Any CPU
		{F49FD793-3B31-4E0D-8AF9-163825AB8871}.Release|Any CPU.Build.0 = Release|Any CPU
		{AE4D3600-291C-4E29-974F-5E2D8A4EC2CD}.Debug|Any CPU.ActiveCfg = Debug|Any CPU
		{AE4D3600-291C-4E29-974F-5E2D8A4EC2CD}.Debug|Any CPU.Build.0 = Debug|Any CPU
		{AE4D3600-291C-4E29-974F-5E2D8A4EC2CD}.Release|Any CPU.ActiveCfg = Release|Any CPU
		{AE4D3600-291C-4E29-974F-5E2D8A4EC2CD}.Release|Any CPU.Build.0 = Release|Any CPU
		{9CACCAFE-86A3-47B3-BD3E-BC2B1583C0AA}.Debug|Any CPU.ActiveCfg = Debug|Any CPU
		{9CACCAFE-86A3-47B3-BD3E-BC2B1583C0AA}.Debug|Any CPU.Build.0 = Debug|Any CPU
		{9CACCAFE-86A3-47B3-BD3E-BC2B1583C0AA}.Release|Any CPU.ActiveCfg = Release|Any CPU
		{9CACCAFE-86A3-47B3-BD3E-BC2B1583C0AA}.Release|Any CPU.Build.0 = Release|Any CPU
		{59E622F6-E44F-4CB2-B1C4-3BA02A525C1B}.Debug|Any CPU.ActiveCfg = Debug|Any CPU
		{59E622F6-E44F-4CB2-B1C4-3BA02A525C1B}.Debug|Any CPU.Build.0 = Debug|Any CPU
		{59E622F6-E44F-4CB2-B1C4-3BA02A525C1B}.Release|Any CPU.ActiveCfg = Release|Any CPU
		{59E622F6-E44F-4CB2-B1C4-3BA02A525C1B}.Release|Any CPU.Build.0 = Release|Any CPU
		{3CACBCB5-84E0-47DF-9338-A51EF28B6FC0}.Debug|Any CPU.ActiveCfg = Debug|Any CPU
		{3CACBCB5-84E0-47DF-9338-A51EF28B6FC0}.Debug|Any CPU.Build.0 = Debug|Any CPU
		{3CACBCB5-84E0-47DF-9338-A51EF28B6FC0}.Release|Any CPU.ActiveCfg = Release|Any CPU
		{3CACBCB5-84E0-47DF-9338-A51EF28B6FC0}.Release|Any CPU.Build.0 = Release|Any CPU
		{87DAFA17-5C32-4860-AAC3-06ACE9FF2FB3}.Debug|Any CPU.ActiveCfg = Debug|Any CPU
		{87DAFA17-5C32-4860-AAC3-06ACE9FF2FB3}.Debug|Any CPU.Build.0 = Debug|Any CPU
		{87DAFA17-5C32-4860-AAC3-06ACE9FF2FB3}.Release|Any CPU.ActiveCfg = Release|Any CPU
		{87DAFA17-5C32-4860-AAC3-06ACE9FF2FB3}.Release|Any CPU.Build.0 = Release|Any CPU
		{36763B30-8EFD-4F43-A5B2-ED301BC413E0}.Debug|Any CPU.ActiveCfg = Debug|Any CPU
		{36763B30-8EFD-4F43-A5B2-ED301BC413E0}.Debug|Any CPU.Build.0 = Debug|Any CPU
		{36763B30-8EFD-4F43-A5B2-ED301BC413E0}.Release|Any CPU.ActiveCfg = Release|Any CPU
		{36763B30-8EFD-4F43-A5B2-ED301BC413E0}.Release|Any CPU.Build.0 = Release|Any CPU
	EndGlobalSection
EndGlobal
